// !$*UTF8*$!
{
	archiveVersion = 1;
	classes = {
	};
	objectVersion = 50;
	objects = {

/* Begin PBXBuildFile section */
		32FDAB2F6A8FB47B31BE01A5 /* Pods_AwesomeViewControllers.framework in Frameworks */ = {isa = PBXBuildFile; fileRef = 265BC147FED0005CB1ED9CDE /* Pods_AwesomeViewControllers.framework */; };
		C2C9057D24ECF35E0015F84A /* AwesomeViewControllers.h in Headers */ = {isa = PBXBuildFile; fileRef = C2C9057B24ECF35E0015F84A /* AwesomeViewControllers.h */; settings = {ATTRIBUTES = (Public, ); }; };
		C2C9058424ECF37C0015F84A /* AwesomeViewController.swift in Sources */ = {isa = PBXBuildFile; fileRef = C2C9058324ECF37C0015F84A /* AwesomeViewController.swift */; };
/* End PBXBuildFile section */

/* Begin PBXFileReference section */
		164CF013148768FE324570B0 /* Pods-AwesomeViewControllers.debug.xcconfig */ = {isa = PBXFileReference; includeInIndex = 1; lastKnownFileType = text.xcconfig; name = "Pods-AwesomeViewControllers.debug.xcconfig"; path = "Target Support Files/Pods-AwesomeViewControllers/Pods-AwesomeViewControllers.debug.xcconfig"; sourceTree = "<group>"; };
		265BC147FED0005CB1ED9CDE /* Pods_AwesomeViewControllers.framework */ = {isa = PBXFileReference; explicitFileType = wrapper.framework; includeInIndex = 0; path = Pods_AwesomeViewControllers.framework; sourceTree = BUILT_PRODUCTS_DIR; };
		C2C9057824ECF35E0015F84A /* AwesomeViewControllers.framework */ = {isa = PBXFileReference; explicitFileType = wrapper.framework; includeInIndex = 0; path = AwesomeViewControllers.framework; sourceTree = BUILT_PRODUCTS_DIR; };
		C2C9057B24ECF35E0015F84A /* AwesomeViewControllers.h */ = {isa = PBXFileReference; lastKnownFileType = sourcecode.c.h; path = AwesomeViewControllers.h; sourceTree = "<group>"; };
		C2C9057C24ECF35E0015F84A /* Info.plist */ = {isa = PBXFileReference; lastKnownFileType = text.plist.xml; path = Info.plist; sourceTree = "<group>"; };
		C2C9058324ECF37C0015F84A /* AwesomeViewController.swift */ = {isa = PBXFileReference; lastKnownFileType = sourcecode.swift; path = AwesomeViewController.swift; sourceTree = "<group>"; };
		DE4B399D0B99C6CF0059A6FC /* Pods-AwesomeViewControllers.release.xcconfig */ = {isa = PBXFileReference; includeInIndex = 1; lastKnownFileType = text.xcconfig; name = "Pods-AwesomeViewControllers.release.xcconfig"; path = "Target Support Files/Pods-AwesomeViewControllers/Pods-AwesomeViewControllers.release.xcconfig"; sourceTree = "<group>"; };
/* End PBXFileReference section */

/* Begin PBXFrameworksBuildPhase section */
		C2C9057524ECF35E0015F84A /* Frameworks */ = {
			isa = PBXFrameworksBuildPhase;
			buildActionMask = 2147483647;
			files = (
				32FDAB2F6A8FB47B31BE01A5 /* Pods_AwesomeViewControllers.framework in Frameworks */,
			);
			runOnlyForDeploymentPostprocessing = 0;
		};
/* End PBXFrameworksBuildPhase section */

/* Begin PBXGroup section */
		B9BD6C5B17C27068AA269823 /* Pods */ = {
			isa = PBXGroup;
			children = (
				164CF013148768FE324570B0 /* Pods-AwesomeViewControllers.debug.xcconfig */,
				DE4B399D0B99C6CF0059A6FC /* Pods-AwesomeViewControllers.release.xcconfig */,
			);
			name = Pods;
			path = ../Pods;
			sourceTree = "<group>";
		};
		C1F189F552EB9FF18F3BA3E4 /* Frameworks */ = {
			isa = PBXGroup;
			children = (
				265BC147FED0005CB1ED9CDE /* Pods_AwesomeViewControllers.framework */,
			);
			name = Frameworks;
			sourceTree = "<group>";
		};
		C2C9056E24ECF35E0015F84A = {
			isa = PBXGroup;
			children = (
				C2C9057A24ECF35E0015F84A /* AwesomeViewControllers */,
				C2C9057924ECF35E0015F84A /* Products */,
				B9BD6C5B17C27068AA269823 /* Pods */,
				C1F189F552EB9FF18F3BA3E4 /* Frameworks */,
			);
			sourceTree = "<group>";
		};
		C2C9057924ECF35E0015F84A /* Products */ = {
			isa = PBXGroup;
			children = (
				C2C9057824ECF35E0015F84A /* AwesomeViewControllers.framework */,
			);
			name = Products;
			sourceTree = "<group>";
		};
		C2C9057A24ECF35E0015F84A /* AwesomeViewControllers */ = {
			isa = PBXGroup;
			children = (
				C2C9058324ECF37C0015F84A /* AwesomeViewController.swift */,
				C2C9057B24ECF35E0015F84A /* AwesomeViewControllers.h */,
				C2C9057C24ECF35E0015F84A /* Info.plist */,
			);
			path = AwesomeViewControllers;
			sourceTree = "<group>";
		};
/* End PBXGroup section */

/* Begin PBXHeadersBuildPhase section */
		C2C9057324ECF35E0015F84A /* Headers */ = {
			isa = PBXHeadersBuildPhase;
			buildActionMask = 2147483647;
			files = (
				C2C9057D24ECF35E0015F84A /* AwesomeViewControllers.h in Headers */,
			);
			runOnlyForDeploymentPostprocessing = 0;
		};
/* End PBXHeadersBuildPhase section */

/* Begin PBXNativeTarget section */
		C2C9057724ECF35E0015F84A /* AwesomeViewControllers */ = {
			isa = PBXNativeTarget;
			buildConfigurationList = C2C9058024ECF35E0015F84A /* Build configuration list for PBXNativeTarget "AwesomeViewControllers" */;
			buildPhases = (
				BC5370767DD07B05C22EB6A3 /* [CP] Check Pods Manifest.lock */,
				C2C9057324ECF35E0015F84A /* Headers */,
				C2C9057424ECF35E0015F84A /* Sources */,
				C2C9057524ECF35E0015F84A /* Frameworks */,
				C2C9057624ECF35E0015F84A /* Resources */,
			);
			buildRules = (
			);
			dependencies = (
			);
			name = AwesomeViewControllers;
			productName = AwesomeViewControllers;
			productReference = C2C9057824ECF35E0015F84A /* AwesomeViewControllers.framework */;
			productType = "com.apple.product-type.framework";
		};
/* End PBXNativeTarget section */

/* Begin PBXProject section */
		C2C9056F24ECF35E0015F84A /* Project object */ = {
			isa = PBXProject;
			attributes = {
				LastUpgradeCheck = 1160;
				TargetAttributes = {
					C2C9057724ECF35E0015F84A = {
						CreatedOnToolsVersion = 11.6;
						LastSwiftMigration = 1160;
					};
				};
			};
			buildConfigurationList = C2C9057224ECF35E0015F84A /* Build configuration list for PBXProject "AwesomeViewControllers" */;
			compatibilityVersion = "Xcode 9.3";
			developmentRegion = en;
			hasScannedForEncodings = 0;
			knownRegions = (
				en,
				Base,
			);
			mainGroup = C2C9056E24ECF35E0015F84A;
			productRefGroup = C2C9057924ECF35E0015F84A /* Products */;
			projectDirPath = "";
			projectRoot = "";
			targets = (
				C2C9057724ECF35E0015F84A /* AwesomeViewControllers */,
			);
		};
/* End PBXProject section */

/* Begin PBXResourcesBuildPhase section */
		C2C9057624ECF35E0015F84A /* Resources */ = {
			isa = PBXResourcesBuildPhase;
			buildActionMask = 2147483647;
			files = (
			);
			runOnlyForDeploymentPostprocessing = 0;
		};
/* End PBXResourcesBuildPhase section */

/* Begin PBXShellScriptBuildPhase section */
		BC5370767DD07B05C22EB6A3 /* [CP] Check Pods Manifest.lock */ = {
			isa = PBXShellScriptBuildPhase;
			buildActionMask = 2147483647;
			files = (
			);
			inputFileListPaths = (
			);
			inputPaths = (
				"${PODS_PODFILE_DIR_PATH}/Podfile.lock",
				"${PODS_ROOT}/Manifest.lock",
			);
			name = "[CP] Check Pods Manifest.lock";
			outputFileListPaths = (
			);
			outputPaths = (
				"$(DERIVED_FILE_DIR)/Pods-AwesomeViewControllers-checkManifestLockResult.txt",
			);
			runOnlyForDeploymentPostprocessing = 0;
			shellPath = /bin/sh;
			shellScript = "diff \"${PODS_PODFILE_DIR_PATH}/Podfile.lock\" \"${PODS_ROOT}/Manifest.lock\" > /dev/null\nif [ $? != 0 ] ; then\n    # print error to STDERR\n    echo \"error: The sandbox is not in sync with the Podfile.lock. Run 'pod install' or update your CocoaPods installation.\" >&2\n    exit 1\nfi\n# This output is used by Xcode 'outputs' to avoid re-running this script phase.\necho \"SUCCESS\" > \"${SCRIPT_OUTPUT_FILE_0}\"\n";
			showEnvVarsInLog = 0;
		};
/* End PBXShellScriptBuildPhase section */

/* Begin PBXSourcesBuildPhase section */
		C2C9057424ECF35E0015F84A /* Sources */ = {
			isa = PBXSourcesBuildPhase;
			buildActionMask = 2147483647;
			files = (
				C2C9058424ECF37C0015F84A /* AwesomeViewController.swift in Sources */,
			);
			runOnlyForDeploymentPostprocessing = 0;
		};
/* End PBXSourcesBuildPhase section */

/* Begin XCBuildConfiguration section */
		C2C9057E24ECF35E0015F84A /* Debug */ = {
			isa = XCBuildConfiguration;
			buildSettings = {
				ALWAYS_SEARCH_USER_PATHS = NO;
				CLANG_ANALYZER_NONNULL = YES;
				CLANG_ANALYZER_NUMBER_OBJECT_CONVERSION = YES_AGGRESSIVE;
				CLANG_CXX_LANGUAGE_STANDARD = "gnu++14";
				CLANG_CXX_LIBRARY = "libc++";
				CLANG_ENABLE_MODULES = YES;
				CLANG_ENABLE_OBJC_ARC = YES;
				CLANG_ENABLE_OBJC_WEAK = YES;
				CLANG_WARN_BLOCK_CAPTURE_AUTORELEASING = YES;
				CLANG_WARN_BOOL_CONVERSION = YES;
				CLANG_WARN_COMMA = YES;
				CLANG_WARN_CONSTANT_CONVERSION = YES;
				CLANG_WARN_DEPRECATED_OBJC_IMPLEMENTATIONS = YES;
				CLANG_WARN_DIRECT_OBJC_ISA_USAGE = YES_ERROR;
				CLANG_WARN_DOCUMENTATION_COMMENTS = YES;
				CLANG_WARN_EMPTY_BODY = YES;
				CLANG_WARN_ENUM_CONVERSION = YES;
				CLANG_WARN_INFINITE_RECURSION = YES;
				CLANG_WARN_INT_CONVERSION = YES;
				CLANG_WARN_NON_LITERAL_NULL_CONVERSION = YES;
				CLANG_WARN_OBJC_IMPLICIT_RETAIN_SELF = YES;
				CLANG_WARN_OBJC_LITERAL_CONVERSION = YES;
				CLANG_WARN_OBJC_ROOT_CLASS = YES_ERROR;
				CLANG_WARN_RANGE_LOOP_ANALYSIS = YES;
				CLANG_WARN_STRICT_PROTOTYPES = YES;
				CLANG_WARN_SUSPICIOUS_MOVE = YES;
				CLANG_WARN_UNGUARDED_AVAILABILITY = YES_AGGRESSIVE;
				CLANG_WARN_UNREACHABLE_CODE = YES;
				CLANG_WARN__DUPLICATE_METHOD_MATCH = YES;
				COPY_PHASE_STRIP = NO;
				CURRENT_PROJECT_VERSION = 1;
				DEBUG_INFORMATION_FORMAT = dwarf;
				ENABLE_STRICT_OBJC_MSGSEND = YES;
				ENABLE_TESTABILITY = YES;
				GCC_C_LANGUAGE_STANDARD = gnu11;
				GCC_DYNAMIC_NO_PIC = NO;
				GCC_NO_COMMON_BLOCKS = YES;
				GCC_OPTIMIZATION_LEVEL = 0;
				GCC_PREPROCESSOR_DEFINITIONS = (
					"DEBUG=1",
					"$(inherited)",
				);
				GCC_WARN_64_TO_32_BIT_CONVERSION = YES;
				GCC_WARN_ABOUT_RETURN_TYPE = YES_ERROR;
				GCC_WARN_UNDECLARED_SELECTOR = YES;
				GCC_WARN_UNINITIALIZED_AUTOS = YES_AGGRESSIVE;
				GCC_WARN_UNUSED_FUNCTION = YES;
				GCC_WARN_UNUSED_VARIABLE = YES;
				IPHONEOS_DEPLOYMENT_TARGET = 13.6;
				MTL_ENABLE_DEBUG_INFO = INCLUDE_SOURCE;
				MTL_FAST_MATH = YES;
				ONLY_ACTIVE_ARCH = YES;
				SDKROOT = iphoneos;
				SWIFT_ACTIVE_COMPILATION_CONDITIONS = DEBUG;
				SWIFT_OPTIMIZATION_LEVEL = "-Onone";
				VERSIONING_SYSTEM = "apple-generic";
				VERSION_INFO_PREFIX = "";
			};
			name = Debug;
		};
		C2C9057F24ECF35E0015F84A /* Release */ = {
			isa = XCBuildConfiguration;
			buildSettings = {
				ALWAYS_SEARCH_USER_PATHS = NO;
				CLANG_ANALYZER_NONNULL = YES;
				CLANG_ANALYZER_NUMBER_OBJECT_CONVERSION = YES_AGGRESSIVE;
				CLANG_CXX_LANGUAGE_STANDARD = "gnu++14";
				CLANG_CXX_LIBRARY = "libc++";
				CLANG_ENABLE_MODULES = YES;
				CLANG_ENABLE_OBJC_ARC = YES;
				CLANG_ENABLE_OBJC_WEAK = YES;
				CLANG_WARN_BLOCK_CAPTURE_AUTORELEASING = YES;
				CLANG_WARN_BOOL_CONVERSION = YES;
				CLANG_WARN_COMMA = YES;
				CLANG_WARN_CONSTANT_CONVERSION = YES;
				CLANG_WARN_DEPRECATED_OBJC_IMPLEMENTATIONS = YES;
				CLANG_WARN_DIRECT_OBJC_ISA_USAGE = YES_ERROR;
				CLANG_WARN_DOCUMENTATION_COMMENTS = YES;
				CLANG_WARN_EMPTY_BODY = YES;
				CLANG_WARN_ENUM_CONVERSION = YES;
				CLANG_WARN_INFINITE_RECURSION = YES;
				CLANG_WARN_INT_CONVERSION = YES;
				CLANG_WARN_NON_LITERAL_NULL_CONVERSION = YES;
				CLANG_WARN_OBJC_IMPLICIT_RETAIN_SELF = YES;
				CLANG_WARN_OBJC_LITERAL_CONVERSION = YES;
				CLANG_WARN_OBJC_ROOT_CLASS = YES_ERROR;
				CLANG_WARN_RANGE_LOOP_ANALYSIS = YES;
				CLANG_WARN_STRICT_PROTOTYPES = YES;
				CLANG_WARN_SUSPICIOUS_MOVE = YES;
				CLANG_WARN_UNGUARDED_AVAILABILITY = YES_AGGRESSIVE;
				CLANG_WARN_UNREACHABLE_CODE = YES;
				CLANG_WARN__DUPLICATE_METHOD_MATCH = YES;
				COPY_PHASE_STRIP = NO;
				CURRENT_PROJECT_VERSION = 1;
				DEBUG_INFORMATION_FORMAT = "dwarf-with-dsym";
				ENABLE_NS_ASSERTIONS = NO;
				ENABLE_STRICT_OBJC_MSGSEND = YES;
				GCC_C_LANGUAGE_STANDARD = gnu11;
				GCC_NO_COMMON_BLOCKS = YES;
				GCC_WARN_64_TO_32_BIT_CONVERSION = YES;
				GCC_WARN_ABOUT_RETURN_TYPE = YES_ERROR;
				GCC_WARN_UNDECLARED_SELECTOR = YES;
				GCC_WARN_UNINITIALIZED_AUTOS = YES_AGGRESSIVE;
				GCC_WARN_UNUSED_FUNCTION = YES;
				GCC_WARN_UNUSED_VARIABLE = YES;
				IPHONEOS_DEPLOYMENT_TARGET = 13.6;
				MTL_ENABLE_DEBUG_INFO = NO;
				MTL_FAST_MATH = YES;
				SDKROOT = iphoneos;
				SWIFT_COMPILATION_MODE = wholemodule;
				SWIFT_OPTIMIZATION_LEVEL = "-O";
				VALIDATE_PRODUCT = YES;
				VERSIONING_SYSTEM = "apple-generic";
				VERSION_INFO_PREFIX = "";
			};
			name = Release;
		};
		C2C9058124ECF35E0015F84A /* Debug */ = {
			isa = XCBuildConfiguration;
			baseConfigurationReference = 164CF013148768FE324570B0 /* Pods-AwesomeViewControllers.debug.xcconfig */;
			buildSettings = {
				CLANG_ENABLE_MODULES = YES;
				CODE_SIGN_STYLE = Automatic;
				DEFINES_MODULE = YES;
				DYLIB_COMPATIBILITY_VERSION = 1;
				DYLIB_CURRENT_VERSION = 1;
				DYLIB_INSTALL_NAME_BASE = "@rpath";
				INFOPLIST_FILE = AwesomeViewControllers/Info.plist;
				INSTALL_PATH = "$(LOCAL_LIBRARY_DIR)/Frameworks";
				IPHONEOS_DEPLOYMENT_TARGET = 11.0;
				LD_RUNPATH_SEARCH_PATHS = (
					"$(inherited)",
					"@executable_path/Frameworks",
					"@loader_path/Frameworks",
				);
				PRODUCT_BUNDLE_IDENTIFIER = "com.wizman.awesome-libraries.AwesomeViewControllers";
				PRODUCT_NAME = "$(TARGET_NAME:c99extidentifier)";
				SKIP_INSTALL = YES;
				SUPPORTS_MACCATALYST = NO;
				SWIFT_OPTIMIZATION_LEVEL = "-Onone";
				SWIFT_VERSION = 5.0;
				TARGETED_DEVICE_FAMILY = 1;
			};
			name = Debug;
		};
		C2C9058224ECF35E0015F84A /* Release */ = {
			isa = XCBuildConfiguration;
			baseConfigurationReference = DE4B399D0B99C6CF0059A6FC /* Pods-AwesomeViewControllers.release.xcconfig */;
			buildSettings = {
				CLANG_ENABLE_MODULES = YES;
				CODE_SIGN_STYLE = Automatic;
				DEFINES_MODULE = YES;
				DYLIB_COMPATIBILITY_VERSION = 1;
				DYLIB_CURRENT_VERSION = 1;
				DYLIB_INSTALL_NAME_BASE = "@rpath";
				INFOPLIST_FILE = AwesomeViewControllers/Info.plist;
				INSTALL_PATH = "$(LOCAL_LIBRARY_DIR)/Frameworks";
				IPHONEOS_DEPLOYMENT_TARGET = 11.0;
				LD_RUNPATH_SEARCH_PATHS = (
					"$(inherited)",
					"@executable_path/Frameworks",
					"@loader_path/Frameworks",
				);
				PRODUCT_BUNDLE_IDENTIFIER = "com.wizman.awesome-libraries.AwesomeViewControllers";
				PRODUCT_NAME = "$(TARGET_NAME:c99extidentifier)";
				SKIP_INSTALL = YES;
				SUPPORTS_MACCATALYST = NO;
				SWIFT_VERSION = 5.0;
				TARGETED_DEVICE_FAMILY = 1;
			};
			name = Release;
		};
/* End XCBuildConfiguration section */

/* Begin XCConfigurationList section */
		C2C9057224ECF35E0015F84A /* Build configuration list for PBXProject "AwesomeViewControllers" */ = {
			isa = XCConfigurationList;
			buildConfigurations = (
				C2C9057E24ECF35E0015F84A /* Debug */,
				C2C9057F24ECF35E0015F84A /* Release */,
			);
			defaultConfigurationIsVisible = 0;
			defaultConfigurationName = Release;
		};
		C2C9058024ECF35E0015F84A /* Build configuration list for PBXNativeTarget "AwesomeViewControllers" */ = {
			isa = XCConfigurationList;
			buildConfigurations = (
				C2C9058124ECF35E0015F84A /* Debug */,
				C2C9058224ECF35E0015F84A /* Release */,
			);
			defaultConfigurationIsVisible = 0;
			defaultConfigurationName = Release;
		};
/* End XCConfigurationList section */
	};
	rootObject = C2C9056F24ECF35E0015F84A /* Project object */;
}
